// !$*UTF8*$!
{
	archiveVersion = 1;
	classes = {
	};
	objectVersion = 77;
	objects = {

/* Begin PBXBuildFile section */
		E157E4AC2EB12805004150BA /* Assets.xcassets in Resources */ = {isa = PBXBuildFile; fileRef = E157E4A72EB12805004150BA /* Assets.xcassets */; };
		E157E4AD2EB12805004150BA /* LaunchScreen.storyboard in Resources */ = {isa = PBXBuildFile; fileRef = E157E4AA2EB12805004150BA /* LaunchScreen.storyboard */; };
		E157E4AE2EB12805004150BA /* AvocadosApp.swift in Sources */ = {isa = PBXBuildFile; fileRef = E157E4A82EB12805004150BA /* AvocadosApp.swift */; };
		E157E4AF2EB12805004150BA /* ContentView.swift in Sources */ = {isa = PBXBuildFile; fileRef = E157E4A92EB12805004150BA /* ContentView.swift */; };
		E157E4B42EB1283F004150BA /* AvocadosView.swift in Sources */ = {isa = PBXBuildFile; fileRef = E157E4B32EB1283F004150BA /* AvocadosView.swift */; };
		E157E4B62EB12855004150BA /* RipeningStagesView.swift in Sources */ = {isa = PBXBuildFile; fileRef = E157E4B52EB12855004150BA /* RipeningStagesView.swift */; };
		E157E4B82EB12864004150BA /* SettingsView.swift in Sources */ = {isa = PBXBuildFile; fileRef = E157E4B72EB12864004150BA /* SettingsView.swift */; };
		E157E4BA2EB12879004150BA /* AppView.swift in Sources */ = {isa = PBXBuildFile; fileRef = E157E4B92EB12879004150BA /* AppView.swift */; };
		E157E4D12EB12EC0004150BA /* HeaderView.swift in Sources */ = {isa = PBXBuildFile; fileRef = E157E4D02EB12EC0004150BA /* HeaderView.swift */; };
		E157E4D32EB242D4004150BA /* HeaderModel.swift in Sources */ = {isa = PBXBuildFile; fileRef = E157E4D22EB242D4004150BA /* HeaderModel.swift */; };
		E157E4D52EB2430E004150BA /* HeaderData.swift in Sources */ = {isa = PBXBuildFile; fileRef = E157E4D42EB2430E004150BA /* HeaderData.swift */; };
		E157E4D72EB246B3004150BA /* DishesView.swift in Sources */ = {isa = PBXBuildFile; fileRef = E157E4D62EB246B3004150BA /* DishesView.swift */; };
		E157E4D92EB24ECA004150BA /* FactsView.swift in Sources */ = {isa = PBXBuildFile; fileRef = E157E4D82EB24ECA004150BA /* FactsView.swift */; };
		E157E4DB2EB2534B004150BA /* FactModel.swift in Sources */ = {isa = PBXBuildFile; fileRef = E157E4DA2EB2534B004150BA /* FactModel.swift */; };
		E157E4DD2EB2537F004150BA /* FactData.swift in Sources */ = {isa = PBXBuildFile; fileRef = E157E4DC2EB2537F004150BA /* FactData.swift */; };
		E157E4DF2EB25C66004150BA /* RecipeModel.swift in Sources */ = {isa = PBXBuildFile; fileRef = E157E4DE2EB25C66004150BA /* RecipeModel.swift */; };
		E157E4E12EB25CB7004150BA /* RecipeData.swift in Sources */ = {isa = PBXBuildFile; fileRef = E157E4E02EB25CB7004150BA /* RecipeData.swift */; };
		E157E4E32EB25D49004150BA /* RecipeCardView.swift in Sources */ = {isa = PBXBuildFile; fileRef = E157E4E22EB25D49004150BA /* RecipeCardView.swift */; };
		E157E4E52EB26227004150BA /* RecipeRatingView.swift in Sources */ = {isa = PBXBuildFile; fileRef = E157E4E42EB26227004150BA /* RecipeRatingView.swift */; };
		E157E4E72EB2628D004150BA /* RecipeCookingView.swift in Sources */ = {isa = PBXBuildFile; fileRef = E157E4E62EB2628D004150BA /* RecipeCookingView.swift */; };
		E157E4E92EB26309004150BA /* RecipeDetailView.swift in Sources */ = {isa = PBXBuildFile; fileRef = E157E4E82EB26309004150BA /* RecipeDetailView.swift */; };
/* End PBXBuildFile section */

/* Begin PBXFileReference section */
		E157E47F2EB11294004150BA /* Avocados.app */ = {isa = PBXFileReference; explicitFileType = wrapper.application; includeInIndex = 0; path = Avocados.app; sourceTree = BUILT_PRODUCTS_DIR; };
		E157E4A72EB12805004150BA /* Assets.xcassets */ = {isa = PBXFileReference; lastKnownFileType = folder.assetcatalog; path = Assets.xcassets; sourceTree = "<group>"; };
		E157E4A82EB12805004150BA /* AvocadosApp.swift */ = {isa = PBXFileReference; lastKnownFileType = sourcecode.swift; path = AvocadosApp.swift; sourceTree = "<group>"; };
		E157E4A92EB12805004150BA /* ContentView.swift */ = {isa = PBXFileReference; lastKnownFileType = sourcecode.swift; path = ContentView.swift; sourceTree = "<group>"; };
		E157E4AA2EB12805004150BA /* LaunchScreen.storyboard */ = {isa = PBXFileReference; lastKnownFileType = file.storyboard; path = LaunchScreen.storyboard; sourceTree = "<group>"; };
		E157E4B32EB1283F004150BA /* AvocadosView.swift */ = {isa = PBXFileReference; lastKnownFileType = sourcecode.swift; path = AvocadosView.swift; sourceTree = "<group>"; };
		E157E4B52EB12855004150BA /* RipeningStagesView.swift */ = {isa = PBXFileReference; lastKnownFileType = sourcecode.swift; path = RipeningStagesView.swift; sourceTree = "<group>"; };
		E157E4B72EB12864004150BA /* SettingsView.swift */ = {isa = PBXFileReference; lastKnownFileType = sourcecode.swift; path = SettingsView.swift; sourceTree = "<group>"; };
		E157E4B92EB12879004150BA /* AppView.swift */ = {isa = PBXFileReference; lastKnownFileType = sourcecode.swift; path = AppView.swift; sourceTree = "<group>"; };
		E157E4D02EB12EC0004150BA /* HeaderView.swift */ = {isa = PBXFileReference; lastKnownFileType = sourcecode.swift; path = HeaderView.swift; sourceTree = "<group>"; };
		E157E4D22EB242D4004150BA /* HeaderModel.swift */ = {isa = PBXFileReference; lastKnownFileType = sourcecode.swift; path = HeaderModel.swift; sourceTree = "<group>"; };
		E157E4D42EB2430E004150BA /* HeaderData.swift */ = {isa = PBXFileReference; lastKnownFileType = sourcecode.swift; path = HeaderData.swift; sourceTree = "<group>"; };
		E157E4D62EB246B3004150BA /* DishesView.swift */ = {isa = PBXFileReference; lastKnownFileType = sourcecode.swift; path = DishesView.swift; sourceTree = "<group>"; };
		E157E4D82EB24ECA004150BA /* FactsView.swift */ = {isa = PBXFileReference; lastKnownFileType = sourcecode.swift; path = FactsView.swift; sourceTree = "<group>"; };
		E157E4DA2EB2534B004150BA /* FactModel.swift */ = {isa = PBXFileReference; lastKnownFileType = sourcecode.swift; path = FactModel.swift; sourceTree = "<group>"; };
		E157E4DC2EB2537F004150BA /* FactData.swift */ = {isa = PBXFileReference; lastKnownFileType = sourcecode.swift; path = FactData.swift; sourceTree = "<group>"; };
		E157E4DE2EB25C66004150BA /* RecipeModel.swift */ = {isa = PBXFileReference; lastKnownFileType = sourcecode.swift; path = RecipeModel.swift; sourceTree = "<group>"; };
		E157E4E02EB25CB7004150BA /* RecipeData.swift */ = {isa = PBXFileReference; lastKnownFileType = sourcecode.swift; path = RecipeData.swift; sourceTree = "<group>"; };
		E157E4E22EB25D49004150BA /* RecipeCardView.swift */ = {isa = PBXFileReference; lastKnownFileType = sourcecode.swift; path = RecipeCardView.swift; sourceTree = "<group>"; };
		E157E4E42EB26227004150BA /* RecipeRatingView.swift */ = {isa = PBXFileReference; lastKnownFileType = sourcecode.swift; path = RecipeRatingView.swift; sourceTree = "<group>"; };
		E157E4E62EB2628D004150BA /* RecipeCookingView.swift */ = {isa = PBXFileReference; lastKnownFileType = sourcecode.swift; path = RecipeCookingView.swift; sourceTree = "<group>"; };
		E157E4E82EB26309004150BA /* RecipeDetailView.swift */ = {isa = PBXFileReference; lastKnownFileType = sourcecode.swift; path = RecipeDetailView.swift; sourceTree = "<group>"; };
/* End PBXFileReference section */

/* Begin PBXFrameworksBuildPhase section */
		E157E47C2EB11294004150BA /* Frameworks */ = {
			isa = PBXFrameworksBuildPhase;
			buildActionMask = 2147483647;
			files = (
			);
			runOnlyForDeploymentPostprocessing = 0;
		};
/* End PBXFrameworksBuildPhase section */

/* Begin PBXGroup section */
		E157E4762EB11294004150BA = {
			isa = PBXGroup;
			children = (
				E157E4AB2EB12805004150BA /* Avocados */,
				E157E4802EB11294004150BA /* Products */,
			);
			sourceTree = "<group>";
		};
		E157E4802EB11294004150BA /* Products */ = {
			isa = PBXGroup;
			children = (
				E157E47F2EB11294004150BA /* Avocados.app */,
			);
			name = Products;
			sourceTree = "<group>";
		};
		E157E4AB2EB12805004150BA /* Avocados */ = {
			isa = PBXGroup;
			children = (
				E157E4B22EB12812004150BA /* View */,
				E157E4B12EB1280D004150BA /* Model */,
				E157E4B02EB12808004150BA /* Data */,
				E157E4A72EB12805004150BA /* Assets.xcassets */,
				E157E4A82EB12805004150BA /* AvocadosApp.swift */,
				E157E4AA2EB12805004150BA /* LaunchScreen.storyboard */,
			);
			path = Avocados;
			sourceTree = "<group>";
		};
		E157E4B02EB12808004150BA /* Data */ = {
			isa = PBXGroup;
			children = (
				E157E4D42EB2430E004150BA /* HeaderData.swift */,
				E157E4DC2EB2537F004150BA /* FactData.swift */,
				E157E4E02EB25CB7004150BA /* RecipeData.swift */,
			);
			path = Data;
			sourceTree = "<group>";
		};
		E157E4B12EB1280D004150BA /* Model */ = {
			isa = PBXGroup;
			children = (
				E157E4D22EB242D4004150BA /* HeaderModel.swift */,
				E157E4DA2EB2534B004150BA /* FactModel.swift */,
				E157E4DE2EB25C66004150BA /* RecipeModel.swift */,
			);
			path = Model;
			sourceTree = "<group>";
		};
		E157E4B22EB12812004150BA /* View */ = {
			isa = PBXGroup;
			children = (
				E157E4A92EB12805004150BA /* ContentView.swift */,
				E157E4B32EB1283F004150BA /* AvocadosView.swift */,
				E157E4B52EB12855004150BA /* RipeningStagesView.swift */,
				E157E4B72EB12864004150BA /* SettingsView.swift */,
				E157E4B92EB12879004150BA /* AppView.swift */,
				E157E4D02EB12EC0004150BA /* HeaderView.swift */,
				E157E4D62EB246B3004150BA /* DishesView.swift */,
				E157E4D82EB24ECA004150BA /* FactsView.swift */,
				E157E4E22EB25D49004150BA /* RecipeCardView.swift */,
				E157E4E42EB26227004150BA /* RecipeRatingView.swift */,
				E157E4E62EB2628D004150BA /* RecipeCookingView.swift */,
				E157E4E82EB26309004150BA /* RecipeDetailView.swift */,
			);
			path = View;
			sourceTree = "<group>";
		};
/* End PBXGroup section */

/* Begin PBXNativeTarget section */
		E157E47E2EB11294004150BA /* Avocados */ = {
			isa = PBXNativeTarget;
			buildConfigurationList = E157E48A2EB11295004150BA /* Build configuration list for PBXNativeTarget "Avocados" */;
			buildPhases = (
				E157E47B2EB11294004150BA /* Sources */,
				E157E47C2EB11294004150BA /* Frameworks */,
				E157E47D2EB11294004150BA /* Resources */,
			);
			buildRules = (
			);
			dependencies = (
			);
			name = Avocados;
			packageProductDependencies = (
			);
			productName = Avocados;
			productReference = E157E47F2EB11294004150BA /* Avocados.app */;
			productType = "com.apple.product-type.application";
		};
/* End PBXNativeTarget section */

/* Begin PBXProject section */
		E157E4772EB11294004150BA /* Project object */ = {
			isa = PBXProject;
			attributes = {
				BuildIndependentTargetsInParallel = 1;
				LastSwiftUpdateCheck = 1640;
				LastUpgradeCheck = 1640;
				TargetAttributes = {
					E157E47E2EB11294004150BA = {
						CreatedOnToolsVersion = 16.4;
					};
				};
			};
			buildConfigurationList = E157E47A2EB11294004150BA /* Build configuration list for PBXProject "Avocados" */;
			developmentRegion = en;
			hasScannedForEncodings = 0;
			knownRegions = (
				en,
				Base,
			);
			mainGroup = E157E4762EB11294004150BA;
			minimizedProjectReferenceProxies = 1;
			preferredProjectObjectVersion = 77;
			productRefGroup = E157E4802EB11294004150BA /* Products */;
			projectDirPath = "";
			projectRoot = "";
			targets = (
				E157E47E2EB11294004150BA /* Avocados */,
			);
		};
/* End PBXProject section */

/* Begin PBXResourcesBuildPhase section */
		E157E47D2EB11294004150BA /* Resources */ = {
			isa = PBXResourcesBuildPhase;
			buildActionMask = 2147483647;
			files = (
				E157E4AC2EB12805004150BA /* Assets.xcassets in Resources */,
				E157E4AD2EB12805004150BA /* LaunchScreen.storyboard in Resources */,
			);
			runOnlyForDeploymentPostprocessing = 0;
		};
/* End PBXResourcesBuildPhase section */

/* Begin PBXSourcesBuildPhase section */
		E157E47B2EB11294004150BA /* Sources */ = {
			isa = PBXSourcesBuildPhase;
			buildActionMask = 2147483647;
			files = (
				E157E4B82EB12864004150BA /* SettingsView.swift in Sources */,
				E157E4E52EB26227004150BA /* RecipeRatingView.swift in Sources */,
				E157E4DF2EB25C66004150BA /* RecipeModel.swift in Sources */,
				E157E4AE2EB12805004150BA /* AvocadosApp.swift in Sources */,
				E157E4BA2EB12879004150BA /* AppView.swift in Sources */,
				E157E4B62EB12855004150BA /* RipeningStagesView.swift in Sources */,
				E157E4AF2EB12805004150BA /* ContentView.swift in Sources */,
				E157E4E12EB25CB7004150BA /* RecipeData.swift in Sources */,
				E157E4B42EB1283F004150BA /* AvocadosView.swift in Sources */,
				E157E4D32EB242D4004150BA /* HeaderModel.swift in Sources */,
				E157E4D52EB2430E004150BA /* HeaderData.swift in Sources */,
				E157E4E72EB2628D004150BA /* RecipeCookingView.swift in Sources */,
				E157E4D72EB246B3004150BA /* DishesView.swift in Sources */,
				E157E4DB2EB2534B004150BA /* FactModel.swift in Sources */,
				E157E4E32EB25D49004150BA /* RecipeCardView.swift in Sources */,
				E157E4D92EB24ECA004150BA /* FactsView.swift in Sources */,
				E157E4D12EB12EC0004150BA /* HeaderView.swift in Sources */,
				E157E4E92EB26309004150BA /* RecipeDetailView.swift in Sources */,
				E157E4DD2EB2537F004150BA /* FactData.swift in Sources */,
			);
			runOnlyForDeploymentPostprocessing = 0;
		};
/* End PBXSourcesBuildPhase section */

/* Begin XCBuildConfiguration section */
		E157E4882EB11295004150BA /* Debug */ = {
			isa = XCBuildConfiguration;
			buildSettings = {
				ALWAYS_SEARCH_USER_PATHS = NO;
				ASSETCATALOG_COMPILER_GENERATE_SWIFT_ASSET_SYMBOL_EXTENSIONS = YES;
				CLANG_ANALYZER_NONNULL = YES;
				CLANG_ANALYZER_NUMBER_OBJECT_CONVERSION = YES_AGGRESSIVE;
				CLANG_CXX_LANGUAGE_STANDARD = "gnu++20";
				CLANG_ENABLE_MODULES = YES;
				CLANG_ENABLE_OBJC_ARC = YES;
				CLANG_ENABLE_OBJC_WEAK = YES;
				CLANG_WARN_BLOCK_CAPTURE_AUTORELEASING = YES;
				CLANG_WARN_BOOL_CONVERSION = YES;
				CLANG_WARN_COMMA = YES;
				CLANG_WARN_CONSTANT_CONVERSION = YES;
				CLANG_WARN_DEPRECATED_OBJC_IMPLEMENTATIONS = YES;
				CLANG_WARN_DIRECT_OBJC_ISA_USAGE = YES_ERROR;
				CLANG_WARN_DOCUMENTATION_COMMENTS = YES;
				CLANG_WARN_EMPTY_BODY = YES;
				CLANG_WARN_ENUM_CONVERSION = YES;
				CLANG_WARN_INFINITE_RECURSION = YES;
				CLANG_WARN_INT_CONVERSION = YES;
				CLANG_WARN_NON_LITERAL_NULL_CONVERSION = YES;
				CLANG_WARN_OBJC_IMPLICIT_RETAIN_SELF = YES;
				CLANG_WARN_OBJC_LITERAL_CONVERSION = YES;
				CLANG_WARN_OBJC_ROOT_CLASS = YES_ERROR;
				CLANG_WARN_QUOTED_INCLUDE_IN_FRAMEWORK_HEADER = YES;
				CLANG_WARN_RANGE_LOOP_ANALYSIS = YES;
				CLANG_WARN_STRICT_PROTOTYPES = YES;
				CLANG_WARN_SUSPICIOUS_MOVE = YES;
				CLANG_WARN_UNGUARDED_AVAILABILITY = YES_AGGRESSIVE;
				CLANG_WARN_UNREACHABLE_CODE = YES;
				CLANG_WARN__DUPLICATE_METHOD_MATCH = YES;
				COPY_PHASE_STRIP = NO;
				DEBUG_INFORMATION_FORMAT = dwarf;
				DEVELOPMENT_TEAM = U3W7A494A6;
				ENABLE_STRICT_OBJC_MSGSEND = YES;
				ENABLE_TESTABILITY = YES;
				ENABLE_USER_SCRIPT_SANDBOXING = YES;
				GCC_C_LANGUAGE_STANDARD = gnu17;
				GCC_DYNAMIC_NO_PIC = NO;
				GCC_NO_COMMON_BLOCKS = YES;
				GCC_OPTIMIZATION_LEVEL = 0;
				GCC_PREPROCESSOR_DEFINITIONS = (
					"DEBUG=1",
					"$(inherited)",
				);
				GCC_WARN_64_TO_32_BIT_CONVERSION = YES;
				GCC_WARN_ABOUT_RETURN_TYPE = YES_ERROR;
				GCC_WARN_UNDECLARED_SELECTOR = YES;
				GCC_WARN_UNINITIALIZED_AUTOS = YES_AGGRESSIVE;
				GCC_WARN_UNUSED_FUNCTION = YES;
				GCC_WARN_UNUSED_VARIABLE = YES;
				IPHONEOS_DEPLOYMENT_TARGET = 18.5;
				LOCALIZATION_PREFERS_STRING_CATALOGS = YES;
				MTL_ENABLE_DEBUG_INFO = INCLUDE_SOURCE;
				MTL_FAST_MATH = YES;
				ONLY_ACTIVE_ARCH = YES;
				SDKROOT = iphoneos;
				SWIFT_ACTIVE_COMPILATION_CONDITIONS = "DEBUG $(inherited)";
				SWIFT_OPTIMIZATION_LEVEL = "-Onone";
			};
			name = Debug;
		};
		E157E4892EB11295004150BA /* Release */ = {
			isa = XCBuildConfiguration;
			buildSettings = {
				ALWAYS_SEARCH_USER_PATHS = NO;
				ASSETCATALOG_COMPILER_GENERATE_SWIFT_ASSET_SYMBOL_EXTENSIONS = YES;
				CLANG_ANALYZER_NONNULL = YES;
				CLANG_ANALYZER_NUMBER_OBJECT_CONVERSION = YES_AGGRESSIVE;
				CLANG_CXX_LANGUAGE_STANDARD = "gnu++20";
				CLANG_ENABLE_MODULES = YES;
				CLANG_ENABLE_OBJC_ARC = YES;
				CLANG_ENABLE_OBJC_WEAK = YES;
				CLANG_WARN_BLOCK_CAPTURE_AUTORELEASING = YES;
				CLANG_WARN_BOOL_CONVERSION = YES;
				CLANG_WARN_COMMA = YES;
				CLANG_WARN_CONSTANT_CONVERSION = YES;
				CLANG_WARN_DEPRECATED_OBJC_IMPLEMENTATIONS = YES;
				CLANG_WARN_DIRECT_OBJC_ISA_USAGE = YES_ERROR;
				CLANG_WARN_DOCUMENTATION_COMMENTS = YES;
				CLANG_WARN_EMPTY_BODY = YES;
				CLANG_WARN_ENUM_CONVERSION = YES;
				CLANG_WARN_INFINITE_RECURSION = YES;
				CLANG_WARN_INT_CONVERSION = YES;
				CLANG_WARN_NON_LITERAL_NULL_CONVERSION = YES;
				CLANG_WARN_OBJC_IMPLICIT_RETAIN_SELF = YES;
				CLANG_WARN_OBJC_LITERAL_CONVERSION = YES;
				CLANG_WARN_OBJC_ROOT_CLASS = YES_ERROR;
				CLANG_WARN_QUOTED_INCLUDE_IN_FRAMEWORK_HEADER = YES;
				CLANG_WARN_RANGE_LOOP_ANALYSIS = YES;
				CLANG_WARN_STRICT_PROTOTYPES = YES;
				CLANG_WARN_SUSPICIOUS_MOVE = YES;
				CLANG_WARN_UNGUARDED_AVAILABILITY = YES_AGGRESSIVE;
				CLANG_WARN_UNREACHABLE_CODE = YES;
				CLANG_WARN__DUPLICATE_METHOD_MATCH = YES;
				COPY_PHASE_STRIP = NO;
				DEBUG_INFORMATION_FORMAT = "dwarf-with-dsym";
				DEVELOPMENT_TEAM = U3W7A494A6;
				ENABLE_NS_ASSERTIONS = NO;
				ENABLE_STRICT_OBJC_MSGSEND = YES;
				ENABLE_USER_SCRIPT_SANDBOXING = YES;
				GCC_C_LANGUAGE_STANDARD = gnu17;
				GCC_NO_COMMON_BLOCKS = YES;
				GCC_WARN_64_TO_32_BIT_CONVERSION = YES;
				GCC_WARN_ABOUT_RETURN_TYPE = YES_ERROR;
				GCC_WARN_UNDECLARED_SELECTOR = YES;
				GCC_WARN_UNINITIALIZED_AUTOS = YES_AGGRESSIVE;
				GCC_WARN_UNUSED_FUNCTION = YES;
				GCC_WARN_UNUSED_VARIABLE = YES;
				IPHONEOS_DEPLOYMENT_TARGET = 18.5;
				LOCALIZATION_PREFERS_STRING_CATALOGS = YES;
				MTL_ENABLE_DEBUG_INFO = NO;
				MTL_FAST_MATH = YES;
				SDKROOT = iphoneos;
				SWIFT_COMPILATION_MODE = wholemodule;
				VALIDATE_PRODUCT = YES;
			};
			name = Release;
		};
		E157E48B2EB11295004150BA /* Debug */ = {
			isa = XCBuildConfiguration;
			buildSettings = {
				ASSETCATALOG_COMPILER_APPICON_NAME = AppIcon;
				ASSETCATALOG_COMPILER_GLOBAL_ACCENT_COLOR_NAME = AccentColor;
				CODE_SIGN_STYLE = Automatic;
				CURRENT_PROJECT_VERSION = 1;
				DEVELOPMENT_TEAM = U3W7A494A6;
				ENABLE_PREVIEWS = YES;
				GENERATE_INFOPLIST_FILE = YES;
				INFOPLIST_KEY_UIApplicationSceneManifest_Generation = YES;
				INFOPLIST_KEY_UIApplicationSupportsIndirectInputEvents = YES;
				INFOPLIST_KEY_UILaunchScreen_Generation = YES;
				INFOPLIST_KEY_UILaunchStoryboardName = LaunchScreen;
				INFOPLIST_KEY_UISupportedInterfaceOrientations = UIInterfaceOrientationPortrait;
				INFOPLIST_KEY_UISupportedInterfaceOrientations_iPad = "UIInterfaceOrientationLandscapeLeft UIInterfaceOrientationLandscapeRight UIInterfaceOrientationPortrait UIInterfaceOrientationPortraitUpsideDown";
				LD_RUNPATH_SEARCH_PATHS = (
					"$(inherited)",
					"@executable_path/Frameworks",
				);
				MARKETING_VERSION = 1.0;
				PRODUCT_BUNDLE_IDENTIFIER = com.isacenco.Avocados;
				PRODUCT_NAME = "$(TARGET_NAME)";
				SWIFT_EMIT_LOC_STRINGS = YES;
				SWIFT_VERSION = 5.0;
				TARGETED_DEVICE_FAMILY = "1,2";
			};
			name = Debug;
		};
		E157E48C2EB11295004150BA /* Release */ = {
			isa = XCBuildConfiguration;
			buildSettings = {
				ASSETCATALOG_COMPILER_APPICON_NAME = AppIcon;
				ASSETCATALOG_COMPILER_GLOBAL_ACCENT_COLOR_NAME = AccentColor;
				CODE_SIGN_STYLE = Automatic;
				CURRENT_PROJECT_VERSION = 1;
				DEVELOPMENT_TEAM = U3W7A494A6;
				ENABLE_PREVIEWS = YES;
				GENERATE_INFOPLIST_FILE = YES;
				INFOPLIST_KEY_UIApplicationSceneManifest_Generation = YES;
				INFOPLIST_KEY_UIApplicationSupportsIndirectInputEvents = YES;
				INFOPLIST_KEY_UILaunchScreen_Generation = YES;
				INFOPLIST_KEY_UILaunchStoryboardName = LaunchScreen;
				INFOPLIST_KEY_UISupportedInterfaceOrientations = UIInterfaceOrientationPortrait;
				INFOPLIST_KEY_UISupportedInterfaceOrientations_iPad = "UIInterfaceOrientationLandscapeLeft UIInterfaceOrientationLandscapeRight UIInterfaceOrientationPortrait UIInterfaceOrientationPortraitUpsideDown";
				LD_RUNPATH_SEARCH_PATHS = (
					"$(inherited)",
					"@executable_path/Frameworks",
				);
				MARKETING_VERSION = 1.0;
				PRODUCT_BUNDLE_IDENTIFIER = com.isacenco.Avocados;
				PRODUCT_NAME = "$(TARGET_NAME)";
				SWIFT_EMIT_LOC_STRINGS = YES;
				SWIFT_VERSION = 5.0;
				TARGETED_DEVICE_FAMILY = "1,2";
			};
			name = Release;
		};
/* End XCBuildConfiguration section */

/* Begin XCConfigurationList section */
		E157E47A2EB11294004150BA /* Build configuration list for PBXProject "Avocados" */ = {
			isa = XCConfigurationList;
			buildConfigurations = (
				E157E4882EB11295004150BA /* Debug */,
				E157E4892EB11295004150BA /* Release */,
			);
			defaultConfigurationIsVisible = 0;
			defaultConfigurationName = Release;
		};
		E157E48A2EB11295004150BA /* Build configuration list for PBXNativeTarget "Avocados" */ = {
			isa = XCConfigurationList;
			buildConfigurations = (
				E157E48B2EB11295004150BA /* Debug */,
				E157E48C2EB11295004150BA /* Release */,
			);
			defaultConfigurationIsVisible = 0;
			defaultConfigurationName = Release;
		};
/* End XCConfigurationList section */
	};
	rootObject = E157E4772EB11294004150BA /* Project object */;
}
